// !$*UTF8*$!
{
	archiveVersion = 1;
	classes = {
	};
	objectVersion = 77;
	objects = {

/* Begin PBXContainerItemProxy section */
		F8DEC96A2CE8992C00A1EAE9 /* PBXContainerItemProxy */ = {
			isa = PBXContainerItemProxy;
			containerPortal = F8DEC9512CE8992A00A1EAE9 /* Project object */;
			proxyType = 1;
			remoteGlobalIDString = F8DEC9582CE8992A00A1EAE9;
			remoteInfo = kokokin;
		};
		F8DEC9742CE8992C00A1EAE9 /* PBXContainerItemProxy */ = {
			isa = PBXContainerItemProxy;
			containerPortal = F8DEC9512CE8992A00A1EAE9 /* Project object */;
			proxyType = 1;
			remoteGlobalIDString = F8DEC9582CE8992A00A1EAE9;
			remoteInfo = kokokin;
		};
/* End PBXContainerItemProxy section */

/* Begin PBXFileReference section */
		F8DEC9592CE8992A00A1EAE9 /* kokokin.app */ = {isa = PBXFileReference; explicitFileType = wrapper.application; includeInIndex = 0; path = kokokin.app; sourceTree = BUILT_PRODUCTS_DIR; };
		F8DEC9692CE8992C00A1EAE9 /* kokokinTests.xctest */ = {isa = PBXFileReference; explicitFileType = wrapper.cfbundle; includeInIndex = 0; path = kokokinTests.xctest; sourceTree = BUILT_PRODUCTS_DIR; };
		F8DEC9732CE8992C00A1EAE9 /* kokokinUITests.xctest */ = {isa = PBXFileReference; explicitFileType = wrapper.cfbundle; includeInIndex = 0; path = kokokinUITests.xctest; sourceTree = BUILT_PRODUCTS_DIR; };
/* End PBXFileReference section */

/* Begin PBXFileSystemSynchronizedRootGroup section */
		F8DEC95B2CE8992A00A1EAE9 /* kokokin */ = {
			isa = PBXFileSystemSynchronizedRootGroup;
			path = kokokin;
			sourceTree = "<group>";
		};
		F8DEC96C2CE8992C00A1EAE9 /* kokokinTests */ = {
			isa = PBXFileSystemSynchronizedRootGroup;
			path = kokokinTests;
			sourceTree = "<group>";
		};
		F8DEC9762CE8992C00A1EAE9 /* kokokinUITests */ = {
			isa = PBXFileSystemSynchronizedRootGroup;
			path = kokokinUITests;
			sourceTree = "<group>";
		};
/* End PBXFileSystemSynchronizedRootGroup section */

/* Begin PBXFrameworksBuildPhase section */
		F8DEC9562CE8992A00A1EAE9 /* Frameworks */ = {
			isa = PBXFrameworksBuildPhase;
			buildActionMask = 2147483647;
			files = (
			);
			runOnlyForDeploymentPostprocessing = 0;
		};
		F8DEC9662CE8992C00A1EAE9 /* Frameworks */ = {
			isa = PBXFrameworksBuildPhase;
			buildActionMask = 2147483647;
			files = (
			);
			runOnlyForDeploymentPostprocessing = 0;
		};
		F8DEC9702CE8992C00A1EAE9 /* Frameworks */ = {
			isa = PBXFrameworksBuildPhase;
			buildActionMask = 2147483647;
			files = (
			);
			runOnlyForDeploymentPostprocessing = 0;
		};
/* End PBXFrameworksBuildPhase section */

/* Begin PBXGroup section */
		F8DEC9502CE8992A00A1EAE9 = {
			isa = PBXGroup;
			children = (
				F8DEC95B2CE8992A00A1EAE9 /* kokokin */,
				F8DEC96C2CE8992C00A1EAE9 /* kokokinTests */,
				F8DEC9762CE8992C00A1EAE9 /* kokokinUITests */,
				F8DEC95A2CE8992A00A1EAE9 /* Products */,
			);
			sourceTree = "<group>";
		};
		F8DEC95A2CE8992A00A1EAE9 /* Products */ = {
			isa = PBXGroup;
			children = (
				F8DEC9592CE8992A00A1EAE9 /* kokokin.app */,
				F8DEC9692CE8992C00A1EAE9 /* kokokinTests.xctest */,
				F8DEC9732CE8992C00A1EAE9 /* kokokinUITests.xctest */,
			);
			name = Products;
			sourceTree = "<group>";
		};
/* End PBXGroup section */

/* Begin PBXNativeTarget section */
		F8DEC9582CE8992A00A1EAE9 /* kokokin */ = {
			isa = PBXNativeTarget;
			buildConfigurationList = F8DEC97D2CE8992C00A1EAE9 /* Build configuration list for PBXNativeTarget "kokokin" */;
			buildPhases = (
				F8DEC9552CE8992A00A1EAE9 /* Sources */,
				F8DEC9562CE8992A00A1EAE9 /* Frameworks */,
				F8DEC9572CE8992A00A1EAE9 /* Resources */,
			);
			buildRules = (
			);
			dependencies = (
			);
			fileSystemSynchronizedGroups = (
				F8DEC95B2CE8992A00A1EAE9 /* kokokin */,
			);
			name = kokokin;
			packageProductDependencies = (
			);
			productName = kokokin;
			productReference = F8DEC9592CE8992A00A1EAE9 /* kokokin.app */;
			productType = "com.apple.product-type.application";
		};
		F8DEC9682CE8992C00A1EAE9 /* kokokinTests */ = {
			isa = PBXNativeTarget;
			buildConfigurationList = F8DEC9802CE8992C00A1EAE9 /* Build configuration list for PBXNativeTarget "kokokinTests" */;
			buildPhases = (
				F8DEC9652CE8992C00A1EAE9 /* Sources */,
				F8DEC9662CE8992C00A1EAE9 /* Frameworks */,
				F8DEC9672CE8992C00A1EAE9 /* Resources */,
			);
			buildRules = (
			);
			dependencies = (
				F8DEC96B2CE8992C00A1EAE9 /* PBXTargetDependency */,
			);
			fileSystemSynchronizedGroups = (
				F8DEC96C2CE8992C00A1EAE9 /* kokokinTests */,
			);
			name = kokokinTests;
			packageProductDependencies = (
			);
			productName = kokokinTests;
			productReference = F8DEC9692CE8992C00A1EAE9 /* kokokinTests.xctest */;
			productType = "com.apple.product-type.bundle.unit-test";
		};
		F8DEC9722CE8992C00A1EAE9 /* kokokinUITests */ = {
			isa = PBXNativeTarget;
			buildConfigurationList = F8DEC9832CE8992C00A1EAE9 /* Build configuration list for PBXNativeTarget "kokokinUITests" */;
			buildPhases = (
				F8DEC96F2CE8992C00A1EAE9 /* Sources */,
				F8DEC9702CE8992C00A1EAE9 /* Frameworks */,
				F8DEC9712CE8992C00A1EAE9 /* Resources */,
			);
			buildRules = (
			);
			dependencies = (
				F8DEC9752CE8992C00A1EAE9 /* PBXTargetDependency */,
			);
			fileSystemSynchronizedGroups = (
				F8DEC9762CE8992C00A1EAE9 /* kokokinUITests */,
			);
			name = kokokinUITests;
			packageProductDependencies = (
			);
			productName = kokokinUITests;
			productReference = F8DEC9732CE8992C00A1EAE9 /* kokokinUITests.xctest */;
			productType = "com.apple.product-type.bundle.ui-testing";
		};
/* End PBXNativeTarget section */

/* Begin PBXProject section */
		F8DEC9512CE8992A00A1EAE9 /* Project object */ = {
			isa = PBXProject;
			attributes = {
				BuildIndependentTargetsInParallel = 1;
				LastSwiftUpdateCheck = 1610;
				LastUpgradeCheck = 1610;
				TargetAttributes = {
					F8DEC9582CE8992A00A1EAE9 = {
						CreatedOnToolsVersion = 16.1;
					};
					F8DEC9682CE8992C00A1EAE9 = {
						CreatedOnToolsVersion = 16.1;
						TestTargetID = F8DEC9582CE8992A00A1EAE9;
					};
					F8DEC9722CE8992C00A1EAE9 = {
						CreatedOnToolsVersion = 16.1;
						TestTargetID = F8DEC9582CE8992A00A1EAE9;
					};
				};
			};
			buildConfigurationList = F8DEC9542CE8992A00A1EAE9 /* Build configuration list for PBXProject "kokokin" */;
			developmentRegion = en;
			hasScannedForEncodings = 0;
			knownRegions = (
				en,
				Base,
			);
			mainGroup = F8DEC9502CE8992A00A1EAE9;
			minimizedProjectReferenceProxies = 1;
			preferredProjectObjectVersion = 77;
			productRefGroup = F8DEC95A2CE8992A00A1EAE9 /* Products */;
			projectDirPath = "";
			projectRoot = "";
			targets = (
				F8DEC9582CE8992A00A1EAE9 /* kokokin */,
				F8DEC9682CE8992C00A1EAE9 /* kokokinTests */,
				F8DEC9722CE8992C00A1EAE9 /* kokokinUITests */,
			);
		};
/* End PBXProject section */

/* Begin PBXResourcesBuildPhase section */
		F8DEC9572CE8992A00A1EAE9 /* Resources */ = {
			isa = PBXResourcesBuildPhase;
			buildActionMask = 2147483647;
			files = (
			);
			runOnlyForDeploymentPostprocessing = 0;
		};
		F8DEC9672CE8992C00A1EAE9 /* Resources */ = {
			isa = PBXResourcesBuildPhase;
			buildActionMask = 2147483647;
			files = (
			);
			runOnlyForDeploymentPostprocessing = 0;
		};
		F8DEC9712CE8992C00A1EAE9 /* Resources */ = {
			isa = PBXResourcesBuildPhase;
			buildActionMask = 2147483647;
			files = (
			);
			runOnlyForDeploymentPostprocessing = 0;
		};
/* End PBXResourcesBuildPhase section */

/* Begin PBXSourcesBuildPhase section */
		F8DEC9552CE8992A00A1EAE9 /* Sources */ = {
			isa = PBXSourcesBuildPhase;
			buildActionMask = 2147483647;
			files = (
			);
			runOnlyForDeploymentPostprocessing = 0;
		};
		F8DEC9652CE8992C00A1EAE9 /* Sources */ = {
			isa = PBXSourcesBuildPhase;
			buildActionMask = 2147483647;
			files = (
			);
			runOnlyForDeploymentPostprocessing = 0;
		};
		F8DEC96F2CE8992C00A1EAE9 /* Sources */ = {
			isa = PBXSourcesBuildPhase;
			buildActionMask = 2147483647;
			files = (
			);
			runOnlyForDeploymentPostprocessing = 0;
		};
/* End PBXSourcesBuildPhase section */

/* Begin PBXTargetDependency section */
		F8DEC96B2CE8992C00A1EAE9 /* PBXTargetDependency */ = {
			isa = PBXTargetDependency;
			target = F8DEC9582CE8992A00A1EAE9 /* kokokin */;
			targetProxy = F8DEC96A2CE8992C00A1EAE9 /* PBXContainerItemProxy */;
		};
		F8DEC9752CE8992C00A1EAE9 /* PBXTargetDependency */ = {
			isa = PBXTargetDependency;
			target = F8DEC9582CE8992A00A1EAE9 /* kokokin */;
			targetProxy = F8DEC9742CE8992C00A1EAE9 /* PBXContainerItemProxy */;
		};
/* End PBXTargetDependency section */

/* Begin XCBuildConfiguration section */
		F8DEC97B2CE8992C00A1EAE9 /* Debug */ = {
			isa = XCBuildConfiguration;
			buildSettings = {
				ALWAYS_SEARCH_USER_PATHS = NO;
				ASSETCATALOG_COMPILER_GENERATE_SWIFT_ASSET_SYMBOL_EXTENSIONS = YES;
				CLANG_ANALYZER_NONNULL = YES;
				CLANG_ANALYZER_NUMBER_OBJECT_CONVERSION = YES_AGGRESSIVE;
				CLANG_CXX_LANGUAGE_STANDARD = "gnu++20";
				CLANG_ENABLE_MODULES = YES;
				CLANG_ENABLE_OBJC_ARC = YES;
				CLANG_ENABLE_OBJC_WEAK = YES;
				CLANG_WARN_BLOCK_CAPTURE_AUTORELEASING = YES;
				CLANG_WARN_BOOL_CONVERSION = YES;
				CLANG_WARN_COMMA = YES;
				CLANG_WARN_CONSTANT_CONVERSION = YES;
				CLANG_WARN_DEPRECATED_OBJC_IMPLEMENTATIONS = YES;
				CLANG_WARN_DIRECT_OBJC_ISA_USAGE = YES_ERROR;
				CLANG_WARN_DOCUMENTATION_COMMENTS = YES;
				CLANG_WARN_EMPTY_BODY = YES;
				CLANG_WARN_ENUM_CONVERSION = YES;
				CLANG_WARN_INFINITE_RECURSION = YES;
				CLANG_WARN_INT_CONVERSION = YES;
				CLANG_WARN_NON_LITERAL_NULL_CONVERSION = YES;
				CLANG_WARN_OBJC_IMPLICIT_RETAIN_SELF = YES;
				CLANG_WARN_OBJC_LITERAL_CONVERSION = YES;
				CLANG_WARN_OBJC_ROOT_CLASS = YES_ERROR;
				CLANG_WARN_QUOTED_INCLUDE_IN_FRAMEWORK_HEADER = YES;
				CLANG_WARN_RANGE_LOOP_ANALYSIS = YES;
				CLANG_WARN_STRICT_PROTOTYPES = YES;
				CLANG_WARN_SUSPICIOUS_MOVE = YES;
				CLANG_WARN_UNGUARDED_AVAILABILITY = YES_AGGRESSIVE;
				CLANG_WARN_UNREACHABLE_CODE = YES;
				CLANG_WARN__DUPLICATE_METHOD_MATCH = YES;
				COPY_PHASE_STRIP = NO;
				DEBUG_INFORMATION_FORMAT = dwarf;
				ENABLE_STRICT_OBJC_MSGSEND = YES;
				ENABLE_TESTABILITY = YES;
				ENABLE_USER_SCRIPT_SANDBOXING = YES;
				GCC_C_LANGUAGE_STANDARD = gnu17;
				GCC_DYNAMIC_NO_PIC = NO;
				GCC_NO_COMMON_BLOCKS = YES;
				GCC_OPTIMIZATION_LEVEL = 0;
				GCC_PREPROCESSOR_DEFINITIONS = (
					"DEBUG=1",
					"$(inherited)",
				);
				GCC_WARN_64_TO_32_BIT_CONVERSION = YES;
				GCC_WARN_ABOUT_RETURN_TYPE = YES_ERROR;
				GCC_WARN_UNDECLARED_SELECTOR = YES;
				GCC_WARN_UNINITIALIZED_AUTOS = YES_AGGRESSIVE;
				GCC_WARN_UNUSED_FUNCTION = YES;
				GCC_WARN_UNUSED_VARIABLE = YES;
				IPHONEOS_DEPLOYMENT_TARGET = 18.1;
				LOCALIZATION_PREFERS_STRING_CATALOGS = YES;
				MTL_ENABLE_DEBUG_INFO = INCLUDE_SOURCE;
				MTL_FAST_MATH = YES;
				ONLY_ACTIVE_ARCH = YES;
				SDKROOT = iphoneos;
				SWIFT_ACTIVE_COMPILATION_CONDITIONS = "DEBUG $(inherited)";
				SWIFT_OPTIMIZATION_LEVEL = "-Onone";
			};
			name = Debug;
		};
		F8DEC97C2CE8992C00A1EAE9 /* Release */ = {
			isa = XCBuildConfiguration;
			buildSettings = {
				ALWAYS_SEARCH_USER_PATHS = NO;
				ASSETCATALOG_COMPILER_GENERATE_SWIFT_ASSET_SYMBOL_EXTENSIONS = YES;
				CLANG_ANALYZER_NONNULL = YES;
				CLANG_ANALYZER_NUMBER_OBJECT_CONVERSION = YES_AGGRESSIVE;
				CLANG_CXX_LANGUAGE_STANDARD = "gnu++20";
				CLANG_ENABLE_MODULES = YES;
				CLANG_ENABLE_OBJC_ARC = YES;
				CLANG_ENABLE_OBJC_WEAK = YES;
				CLANG_WARN_BLOCK_CAPTURE_AUTORELEASING = YES;
				CLANG_WARN_BOOL_CONVERSION = YES;
				CLANG_WARN_COMMA = YES;
				CLANG_WARN_CONSTANT_CONVERSION = YES;
				CLANG_WARN_DEPRECATED_OBJC_IMPLEMENTATIONS = YES;
				CLANG_WARN_DIRECT_OBJC_ISA_USAGE = YES_ERROR;
				CLANG_WARN_DOCUMENTATION_COMMENTS = YES;
				CLANG_WARN_EMPTY_BODY = YES;
				CLANG_WARN_ENUM_CONVERSION = YES;
				CLANG_WARN_INFINITE_RECURSION = YES;
				CLANG_WARN_INT_CONVERSION = YES;
				CLANG_WARN_NON_LITERAL_NULL_CONVERSION = YES;
				CLANG_WARN_OBJC_IMPLICIT_RETAIN_SELF = YES;
				CLANG_WARN_OBJC_LITERAL_CONVERSION = YES;
				CLANG_WARN_OBJC_ROOT_CLASS = YES_ERROR;
				CLANG_WARN_QUOTED_INCLUDE_IN_FRAMEWORK_HEADER = YES;
				CLANG_WARN_RANGE_LOOP_ANALYSIS = YES;
				CLANG_WARN_STRICT_PROTOTYPES = YES;
				CLANG_WARN_SUSPICIOUS_MOVE = YES;
				CLANG_WARN_UNGUARDED_AVAILABILITY = YES_AGGRESSIVE;
				CLANG_WARN_UNREACHABLE_CODE = YES;
				CLANG_WARN__DUPLICATE_METHOD_MATCH = YES;
				COPY_PHASE_STRIP = NO;
				DEBUG_INFORMATION_FORMAT = "dwarf-with-dsym";
				ENABLE_NS_ASSERTIONS = NO;
				ENABLE_STRICT_OBJC_MSGSEND = YES;
				ENABLE_USER_SCRIPT_SANDBOXING = YES;
				GCC_C_LANGUAGE_STANDARD = gnu17;
				GCC_NO_COMMON_BLOCKS = YES;
				GCC_WARN_64_TO_32_BIT_CONVERSION = YES;
				GCC_WARN_ABOUT_RETURN_TYPE = YES_ERROR;
				GCC_WARN_UNDECLARED_SELECTOR = YES;
				GCC_WARN_UNINITIALIZED_AUTOS = YES_AGGRESSIVE;
				GCC_WARN_UNUSED_FUNCTION = YES;
				GCC_WARN_UNUSED_VARIABLE = YES;
				IPHONEOS_DEPLOYMENT_TARGET = 18.1;
				LOCALIZATION_PREFERS_STRING_CATALOGS = YES;
				MTL_ENABLE_DEBUG_INFO = NO;
				MTL_FAST_MATH = YES;
				SDKROOT = iphoneos;
				SWIFT_COMPILATION_MODE = wholemodule;
				VALIDATE_PRODUCT = YES;
			};
			name = Release;
		};
		F8DEC97E2CE8992C00A1EAE9 /* Debug */ = {
			isa = XCBuildConfiguration;
			buildSettings = {
				ASSETCATALOG_COMPILER_APPICON_NAME = AppIcon;
				ASSETCATALOG_COMPILER_GLOBAL_ACCENT_COLOR_NAME = AccentColor;
				CODE_SIGN_STYLE = Automatic;
				CURRENT_PROJECT_VERSION = 1;
				DEVELOPMENT_ASSET_PATHS = "\"kokokin/Preview Content\"";
				DEVELOPMENT_TEAM = F4X59UTGAL;
				ENABLE_PREVIEWS = YES;
				GENERATE_INFOPLIST_FILE = YES;
				INFOPLIST_KEY_UIApplicationSceneManifest_Generation = YES;
				INFOPLIST_KEY_UIApplicationSupportsIndirectInputEvents = YES;
				INFOPLIST_KEY_UILaunchScreen_Generation = YES;
				INFOPLIST_KEY_UISupportedInterfaceOrientations_iPad = "UIInterfaceOrientationPortrait UIInterfaceOrientationPortraitUpsideDown UIInterfaceOrientationLandscapeLeft UIInterfaceOrientationLandscapeRight";
				INFOPLIST_KEY_UISupportedInterfaceOrientations_iPhone = "UIInterfaceOrientationPortrait UIInterfaceOrientationLandscapeLeft UIInterfaceOrientationLandscapeRight";
				LD_RUNPATH_SEARCH_PATHS = (
					"$(inherited)",
					"@executable_path/Frameworks",
				);
				MARKETING_VERSION = 1.0;
				PRODUCT_BUNDLE_IDENTIFIER = com.genichihashi.kokokin;
				PRODUCT_NAME = "$(TARGET_NAME)";
				SWIFT_EMIT_LOC_STRINGS = YES;
				SWIFT_VERSION = 5.0;
				TARGETED_DEVICE_FAMILY = "1,2";
			};
			name = Debug;
		};
		F8DEC97F2CE8992C00A1EAE9 /* Release */ = {
			isa = XCBuildConfiguration;
			buildSettings = {
				ASSETCATALOG_COMPILER_APPICON_NAME = AppIcon;
				ASSETCATALOG_COMPILER_GLOBAL_ACCENT_COLOR_NAME = AccentColor;
				CODE_SIGN_STYLE = Automatic;
				CURRENT_PROJECT_VERSION = 1;
				DEVELOPMENT_ASSET_PATHS = "\"kokokin/Preview Content\"";
				DEVELOPMENT_TEAM = F4X59UTGAL;
				ENABLE_PREVIEWS = YES;
				GENERATE_INFOPLIST_FILE = YES;
				INFOPLIST_KEY_UIApplicationSceneManifest_Generation = YES;
				INFOPLIST_KEY_UIApplicationSupportsIndirectInputEvents = YES;
				INFOPLIST_KEY_UILaunchScreen_Generation = YES;
				INFOPLIST_KEY_UISupportedInterfaceOrientations_iPad = "UIInterfaceOrientationPortrait UIInterfaceOrientationPortraitUpsideDown UIInterfaceOrientationLandscapeLeft UIInterfaceOrientationLandscapeRight";
				INFOPLIST_KEY_UISupportedInterfaceOrientations_iPhone = "UIInterfaceOrientationPortrait UIInterfaceOrientationLandscapeLeft UIInterfaceOrientationLandscapeRight";
				LD_RUNPATH_SEARCH_PATHS = (
					"$(inherited)",
					"@executable_path/Frameworks",
				);
				MARKETING_VERSION = 1.0;
				PRODUCT_BUNDLE_IDENTIFIER = com.genichihashi.kokokin;
				PRODUCT_NAME = "$(TARGET_NAME)";
				SWIFT_EMIT_LOC_STRINGS = YES;
				SWIFT_VERSION = 5.0;
				TARGETED_DEVICE_FAMILY = "1,2";
			};
			name = Release;
		};
		F8DEC9812CE8992C00A1EAE9 /* Debug */ = {
			isa = XCBuildConfiguration;
			buildSettings = {
				BUNDLE_LOADER = "$(TEST_HOST)";
				CODE_SIGN_STYLE = Automatic;
				CURRENT_PROJECT_VERSION = 1;
				DEVELOPMENT_TEAM = F4X59UTGAL;
				GENERATE_INFOPLIST_FILE = YES;
				IPHONEOS_DEPLOYMENT_TARGET = 18.1;
				MARKETING_VERSION = 1.0;
				PRODUCT_BUNDLE_IDENTIFIER = com.genichihashi.kokokinTests;
				PRODUCT_NAME = "$(TARGET_NAME)";
				SWIFT_EMIT_LOC_STRINGS = NO;
				SWIFT_VERSION = 5.0;
				TARGETED_DEVICE_FAMILY = "1,2";
				TEST_HOST = "$(BUILT_PRODUCTS_DIR)/kokokin.app/$(BUNDLE_EXECUTABLE_FOLDER_PATH)/kokokin";
			};
			name = Debug;
		};
		F8DEC9822CE8992C00A1EAE9 /* Release */ = {
			isa = XCBuildConfiguration;
			buildSettings = {
				BUNDLE_LOADER = "$(TEST_HOST)";
				CODE_SIGN_STYLE = Automatic;
				CURRENT_PROJECT_VERSION = 1;
				DEVELOPMENT_TEAM = F4X59UTGAL;
				GENERATE_INFOPLIST_FILE = YES;
				IPHONEOS_DEPLOYMENT_TARGET = 18.1;
				MARKETING_VERSION = 1.0;
				PRODUCT_BUNDLE_IDENTIFIER = com.genichihashi.kokokinTests;
				PRODUCT_NAME = "$(TARGET_NAME)";
				SWIFT_EMIT_LOC_STRINGS = NO;
				SWIFT_VERSION = 5.0;
				TARGETED_DEVICE_FAMILY = "1,2";
				TEST_HOST = "$(BUILT_PRODUCTS_DIR)/kokokin.app/$(BUNDLE_EXECUTABLE_FOLDER_PATH)/kokokin";
			};
			name = Release;
		};
		F8DEC9842CE8992C00A1EAE9 /* Debug */ = {
			isa = XCBuildConfiguration;
			buildSettings = {
				CODE_SIGN_STYLE = Automatic;
				CURRENT_PROJECT_VERSION = 1;
				DEVELOPMENT_TEAM = F4X59UTGAL;
				GENERATE_INFOPLIST_FILE = YES;
				MARKETING_VERSION = 1.0;
				PRODUCT_BUNDLE_IDENTIFIER = com.genichihashi.kokokinUITests;
				PRODUCT_NAME = "$(TARGET_NAME)";
				SWIFT_EMIT_LOC_STRINGS = NO;
				SWIFT_VERSION = 5.0;
				TARGETED_DEVICE_FAMILY = "1,2";
				TEST_TARGET_NAME = kokokin;
			};
			name = Debug;
		};
		F8DEC9852CE8992C00A1EAE9 /* Release */ = {
			isa = XCBuildConfiguration;
			buildSettings = {
				CODE_SIGN_STYLE = Automatic;
				CURRENT_PROJECT_VERSION = 1;
				DEVELOPMENT_TEAM = F4X59UTGAL;
				GENERATE_INFOPLIST_FILE = YES;
				MARKETING_VERSION = 1.0;
				PRODUCT_BUNDLE_IDENTIFIER = com.genichihashi.kokokinUITests;
				PRODUCT_NAME = "$(TARGET_NAME)";
				SWIFT_EMIT_LOC_STRINGS = NO;
				SWIFT_VERSION = 5.0;
				TARGETED_DEVICE_FAMILY = "1,2";
				TEST_TARGET_NAME = kokokin;
			};
			name = Release;
		};
/* End XCBuildConfiguration section */

/* Begin XCConfigurationList section */
		F8DEC9542CE8992A00A1EAE9 /* Build configuration list for PBXProject "kokokin" */ = {
			isa = XCConfigurationList;
			buildConfigurations = (
				F8DEC97B2CE8992C00A1EAE9 /* Debug */,
				F8DEC97C2CE8992C00A1EAE9 /* Release */,
			);
			defaultConfigurationIsVisible = 0;
			defaultConfigurationName = Release;
		};
		F8DEC97D2CE8992C00A1EAE9 /* Build configuration list for PBXNativeTarget "kokokin" */ = {
			isa = XCConfigurationList;
			buildConfigurations = (
				F8DEC97E2CE8992C00A1EAE9 /* Debug */,
				F8DEC97F2CE8992C00A1EAE9 /* Release */,
			);
			defaultConfigurationIsVisible = 0;
			defaultConfigurationName = Release;
		};
		F8DEC9802CE8992C00A1EAE9 /* Build configuration list for PBXNativeTarget "kokokinTests" */ = {
			isa = XCConfigurationList;
			buildConfigurations = (
				F8DEC9812CE8992C00A1EAE9 /* Debug */,
				F8DEC9822CE8992C00A1EAE9 /* Release */,
			);
			defaultConfigurationIsVisible = 0;
			defaultConfigurationName = Release;
		};
		F8DEC9832CE8992C00A1EAE9 /* Build configuration list for PBXNativeTarget "kokokinUITests" */ = {
			isa = XCConfigurationList;
			buildConfigurations = (
				F8DEC9842CE8992C00A1EAE9 /* Debug */,
				F8DEC9852CE8992C00A1EAE9 /* Release */,
			);
			defaultConfigurationIsVisible = 0;
			defaultConfigurationName = Release;
		};
/* End XCConfigurationList section */
	};
	rootObject = F8DEC9512CE8992A00A1EAE9 /* Project object */;
}
